
Microsoft Visual Studio Solution File, Format Version 12.00
# Visual Studio 14
VisualStudioVersion = 14.0.25420.1
MinimumVisualStudioVersion = 10.0.40219.1
Project("{FAE04EC0-301F-11D3-BF4B-00C04F79EFBC}") = "CtciCsharp", "CtciCsharp\CtciCsharp.csproj", "{C6B4B939-D11E-45F2-9CBA-5B6FF01DCFCA}"
EndProject
Project("{FAE04EC0-301F-11D3-BF4B-00C04F79EFBC}") = "CtciCsharpTest", "CtciCsharpTest\CtciCsharpTest.csproj", "{E7CFEE87-73C5-475A-8A0D-3AB3C05FAD2E}"
EndProject
Global
	GlobalSection(SolutionConfigurationPlatforms) = preSolution
		Debug|Any CPU = Debug|Any CPU
		Release|Any CPU = Release|Any CPU
	EndGlobalSection
	GlobalSection(ProjectConfigurationPlatforms) = postSolution
		{C6B4B939-D11E-45F2-9CBA-5B6FF01DCFCA}.Debug|Any CPU.ActiveCfg = Debug|Any CPU
		{C6B4B939-D11E-45F2-9CBA-5B6FF01DCFCA}.Debug|Any CPU.Build.0 = Debug|Any CPU
		{C6B4B939-D11E-45F2-9CBA-5B6FF01DCFCA}.Release|Any CPU.ActiveCfg = Release|Any CPU
		{C6B4B939-D11E-45F2-9CBA-5B6FF01DCFCA}.Release|Any CPU.Build.0 = Release|Any CPU
		{E7CFEE87-73C5-475A-8A0D-3AB3C05FAD2E}.Debug|Any CPU.ActiveCfg = Debug|Any CPU
		{E7CFEE87-73C5-475A-8A0D-3AB3C05FAD2E}.Debug|Any CPU.Build.0 = Debug|Any CPU
		{E7CFEE87-73C5-475A-8A0D-3AB3C05FAD2E}.Release|Any CPU.ActiveCfg = Release|Any CPU
		{E7CFEE87-73C5-475A-8A0D-3AB3C05FAD2E}.Release|Any CPU.Build.0 = Release|Any CPU
	EndGlobalSection
	GlobalSection(SolutionProperties) = preSolution
		HideSolutionNode = FALSE
	EndGlobalSection
EndGlobal
